
Microsoft Visual Studio Solution File, Format Version 12.00
# Visual Studio Version 17
VisualStudioVersion = 17.0.31903.59
MinimumVisualStudioVersion = 10.0.40219.1
Project("{2150E333-8FDC-42A3-9474-1A3956D46DE8}") = "src", "src", "{827E0CD3-B72D-47B6-A68D-7590B98EB39B}"
EndProject
Project("{FAE04EC0-301F-11D3-BF4B-00C04F79EFBC}") = "EquipManager.Domain", "src\EquipManager.Domain\EquipManager.Domain.csproj", "{5B7CC415-7845-4E76-A5B9-7395C184C671}"
EndProject
Project("{FAE04EC0-301F-11D3-BF4B-00C04F79EFBC}") = "EquipManager.Application", "src\EquipManager.Application\EquipManager.Application.csproj", "{0806E36F-7C50-4901-83E1-E346C721A6E9}"
EndProject
Project("{FAE04EC0-301F-11D3-BF4B-00C04F79EFBC}") = "EquipManager.Infrastructure", "src\EquipManager.Infrastructure\EquipManager.Infrastructure.csproj", "{DDE957A8-7D2E-4034-8DA0-09C4B0C8F740}"
EndProject
Project("{FAE04EC0-301F-11D3-BF4B-00C04F79EFBC}") = "EquipManager.API", "src\EquipManager.API\EquipManager.API.csproj", "{3EABAFCE-3915-4BD2-B3D1-A08381A505FA}"
EndProject
Global
	GlobalSection(SolutionConfigurationPlatforms) = preSolution
		Debug|Any CPU = Debug|Any CPU
		Debug|x64 = Debug|x64
		Debug|x86 = Debug|x86
		Release|Any CPU = Release|Any CPU
		Release|x64 = Release|x64
		Release|x86 = Release|x86
	EndGlobalSection
	GlobalSection(ProjectConfigurationPlatforms) = postSolution
		{5B7CC415-7845-4E76-A5B9-7395C184C671}.Debug|Any CPU.ActiveCfg = Debug|Any CPU
		{5B7CC415-7845-4E76-A5B9-7395C184C671}.Debug|Any CPU.Build.0 = Debug|Any CPU
		{5B7CC415-7845-4E76-A5B9-7395C184C671}.Debug|x64.ActiveCfg = Debug|Any CPU
		{5B7CC415-7845-4E76-A5B9-7395C184C671}.Debug|x64.Build.0 = Debug|Any CPU
		{5B7CC415-7845-4E76-A5B9-7395C184C671}.Debug|x86.ActiveCfg = Debug|Any CPU
		{5B7CC415-7845-4E76-A5B9-7395C184C671}.Debug|x86.Build.0 = Debug|Any CPU
		{5B7CC415-7845-4E76-A5B9-7395C184C671}.Release|Any CPU.ActiveCfg = Release|Any CPU
		{5B7CC415-7845-4E76-A5B9-7395C184C671}.Release|Any CPU.Build.0 = Release|Any CPU
		{5B7CC415-7845-4E76-A5B9-7395C184C671}.Release|x64.ActiveCfg = Release|Any CPU
		{5B7CC415-7845-4E76-A5B9-7395C184C671}.Release|x64.Build.0 = Release|Any CPU
		{5B7CC415-7845-4E76-A5B9-7395C184C671}.Release|x86.ActiveCfg = Release|Any CPU
		{5B7CC415-7845-4E76-A5B9-7395C184C671}.Release|x86.Build.0 = Release|Any CPU
		{0806E36F-7C50-4901-83E1-E346C721A6E9}.Debug|Any CPU.ActiveCfg = Debug|Any CPU
		{0806E36F-7C50-4901-83E1-E346C721A6E9}.Debug|Any CPU.Build.0 = Debug|Any CPU
		{0806E36F-7C50-4901-83E1-E346C721A6E9}.Debug|x64.ActiveCfg = Debug|Any CPU
		{0806E36F-7C50-4901-83E1-E346C721A6E9}.Debug|x64.Build.0 = Debug|Any CPU
		{0806E36F-7C50-4901-83E1-E346C721A6E9}.Debug|x86.ActiveCfg = Debug|Any CPU
		{0806E36F-7C50-4901-83E1-E346C721A6E9}.Debug|x86.Build.0 = Debug|Any CPU
		{0806E36F-7C50-4901-83E1-E346C721A6E9}.Release|Any CPU.ActiveCfg = Release|Any CPU
		{0806E36F-7C50-4901-83E1-E346C721A6E9}.Release|Any CPU.Build.0 = Release|Any CPU
		{0806E36F-7C50-4901-83E1-E346C721A6E9}.Release|x64.ActiveCfg = Release|Any CPU
		{0806E36F-7C50-4901-83E1-E346C721A6E9}.Release|x64.Build.0 = Release|Any CPU
		{0806E36F-7C50-4901-83E1-E346C721A6E9}.Release|x86.ActiveCfg = Release|Any CPU
		{0806E36F-7C50-4901-83E1-E346C721A6E9}.Release|x86.Build.0 = Release|Any CPU
		{DDE957A8-7D2E-4034-8DA0-09C4B0C8F740}.Debug|Any CPU.ActiveCfg = Debug|Any CPU
		{DDE957A8-7D2E-4034-8DA0-09C4B0C8F740}.Debug|Any CPU.Build.0 = Debug|Any CPU
		{DDE957A8-7D2E-4034-8DA0-09C4B0C8F740}.Debug|x64.ActiveCfg = Debug|Any CPU
		{DDE957A8-7D2E-4034-8DA0-09C4B0C8F740}.Debug|x64.Build.0 = Debug|Any CPU
		{DDE957A8-7D2E-4034-8DA0-09C4B0C8F740}.Debug|x86.ActiveCfg = Debug|Any CPU
		{DDE957A8-7D2E-4034-8DA0-09C4B0C8F740}.Debug|x86.Build.0 = Debug|Any CPU
		{DDE957A8-7D2E-4034-8DA0-09C4B0C8F740}.Release|Any CPU.ActiveCfg = Release|Any CPU
		{DDE957A8-7D2E-4034-8DA0-09C4B0C8F740}.Release|Any CPU.Build.0 = Release|Any CPU
		{DDE957A8-7D2E-4034-8DA0-09C4B0C8F740}.Release|x64.ActiveCfg = Release|Any CPU
		{DDE957A8-7D2E-4034-8DA0-09C4B0C8F740}.Release|x64.Build.0 = Release|Any CPU
		{DDE957A8-7D2E-4034-8DA0-09C4B0C8F740}.Release|x86.ActiveCfg = Release|Any CPU
		{DDE957A8-7D2E-4034-8DA0-09C4B0C8F740}.Release|x86.Build.0 = Release|Any CPU
		{3EABAFCE-3915-4BD2-B3D1-A08381A505FA}.Debug|Any CPU.ActiveCfg = Debug|Any CPU
		{3EABAFCE-3915-4BD2-B3D1-A08381A505FA}.Debug|Any CPU.Build.0 = Debug|Any CPU
		{3EABAFCE-3915-4BD2-B3D1-A08381A505FA}.Debug|x64.ActiveCfg = Debug|Any CPU
		{3EABAFCE-3915-4BD2-B3D1-A08381A505FA}.Debug|x64.Build.0 = Debug|Any CPU
		{3EABAFCE-3915-4BD2-B3D1-A08381A505FA}.Debug|x86.ActiveCfg = Debug|Any CPU
		{3EABAFCE-3915-4BD2-B3D1-A08381A505FA}.Debug|x86.Build.0 = Debug|Any CPU
		{3EABAFCE-3915-4BD2-B3D1-A08381A505FA}.Release|Any CPU.ActiveCfg = Release|Any CPU
		{3EABAFCE-3915-4BD2-B3D1-A08381A505FA}.Release|Any CPU.Build.0 = Release|Any CPU
		{3EABAFCE-3915-4BD2-B3D1-A08381A505FA}.Release|x64.ActiveCfg = Release|Any CPU
		{3EABAFCE-3915-4BD2-B3D1-A08381A505FA}.Release|x64.Build.0 = Release|Any CPU
		{3EABAFCE-3915-4BD2-B3D1-A08381A505FA}.Release|x86.ActiveCfg = Release|Any CPU
		{3EABAFCE-3915-4BD2-B3D1-A08381A505FA}.Release|x86.Build.0 = Release|Any CPU
	EndGlobalSection
	GlobalSection(SolutionProperties) = preSolution
		HideSolutionNode = FALSE
	EndGlobalSection
	GlobalSection(NestedProjects) = preSolution
		{5B7CC415-7845-4E76-A5B9-7395C184C671} = {827E0CD3-B72D-47B6-A68D-7590B98EB39B}
		{0806E36F-7C50-4901-83E1-E346C721A6E9} = {827E0CD3-B72D-47B6-A68D-7590B98EB39B}
		{DDE957A8-7D2E-4034-8DA0-09C4B0C8F740} = {827E0CD3-B72D-47B6-A68D-7590B98EB39B}
		{3EABAFCE-3915-4BD2-B3D1-A08381A505FA} = {827E0CD3-B72D-47B6-A68D-7590B98EB39B}
	EndGlobalSection
EndGlobal
